
Microsoft Visual Studio Solution File, Format Version 12.00
# Visual Studio Version 17
VisualStudioVersion = 17.6.33723.286
MinimumVisualStudioVersion = 10.0.40219.1
Project("{9A19103F-16F7-4668-BE54-9A1E7A4F7556}") = "LaTrobeScheduler", "LaTrobeScheduler.csproj", "{277508AA-08CF-417D-96A0-BB6C998AC180}"
EndProject
Global
	GlobalSection(SolutionConfigurationPlatforms) = preSolution
		Debug|Any CPU = Debug|Any CPU
		Release|Any CPU = Release|Any CPU
	EndGlobalSection
	GlobalSection(ProjectConfigurationPlatforms) = postSolution
		{277508AA-08CF-417D-96A0-BB6C998AC180}.Debug|Any CPU.ActiveCfg = Debug|Any CPU
		{277508AA-08CF-417D-96A0-BB6C998AC180}.Debug|Any CPU.Build.0 = Debug|Any CPU
		{277508AA-08CF-417D-96A0-BB6C998AC180}.Release|Any CPU.ActiveCfg = Release|Any CPU
		{277508AA-08CF-417D-96A0-BB6C998AC180}.Release|Any CPU.Build.0 = Release|Any CPU
	EndGlobalSection
	GlobalSection(SolutionProperties) = preSolution
		HideSolutionNode = FALSE
	EndGlobalSection
	GlobalSection(ExtensibilityGlobals) = postSolution
		SolutionGuid = {863EE6D6-307A-4BA4-AEAC-C3A3F3EBCC8D}
	EndGlobalSection
EndGlobal
